
Microsoft Visual Studio Solution File, Format Version 12.00
# Visual Studio 15
VisualStudioVersion = 15.0.27130.2020
MinimumVisualStudioVersion = 10.0.40219.1
Project("{9A19103F-16F7-4668-BE54-9A1E7A4F7556}") = "product-listings", "product-listings\product-listings.csproj", "{564CEF47-0F4E-4E5D-9523-1B2556B80AB4}"
EndProject
Global
	GlobalSection(SolutionConfigurationPlatforms) = preSolution
		Debug|Any CPU = Debug|Any CPU
		Release|Any CPU = Release|Any CPU
	EndGlobalSection
	GlobalSection(ProjectConfigurationPlatforms) = postSolution
		{564CEF47-0F4E-4E5D-9523-1B2556B80AB4}.Debug|Any CPU.ActiveCfg = Debug|Any CPU
		{564CEF47-0F4E-4E5D-9523-1B2556B80AB4}.Debug|Any CPU.Build.0 = Debug|Any CPU
		{564CEF47-0F4E-4E5D-9523-1B2556B80AB4}.Release|Any CPU.ActiveCfg = Release|Any CPU
		{564CEF47-0F4E-4E5D-9523-1B2556B80AB4}.Release|Any CPU.Build.0 = Release|Any CPU
	EndGlobalSection
	GlobalSection(SolutionProperties) = preSolution
		HideSolutionNode = FALSE
	EndGlobalSection
	GlobalSection(ExtensibilityGlobals) = postSolution
		SolutionGuid = {8DD3D971-DDEB-4F47-82A5-1800E416A5A5}
	EndGlobalSection
EndGlobal
